
Microsoft Visual Studio Solution File, Format Version 12.00
# Visual Studio Version 16
VisualStudioVersion = 16.0.29709.97
MinimumVisualStudioVersion = 10.0.40219.1
Project("{9A19103F-16F7-4668-BE54-9A1E7A4F7556}") = "OdeToFood", "OdeToFood\OdeToFood.csproj", "{A3D7877A-1AA2-44EF-990B-FB99A1FC53D9}"
EndProject
Project("{9A19103F-16F7-4668-BE54-9A1E7A4F7556}") = "OdeToFood.Core", "OdeToFood.Core\OdeToFood.Core.csproj", "{8091E243-1849-4848-AEA8-20070CE21A05}"
EndProject
Project("{9A19103F-16F7-4668-BE54-9A1E7A4F7556}") = "OdeToFood.Data", "OdeToFood.Data\OdeToFood.Data.csproj", "{225DFCEB-8F73-41BB-8A8F-9930431CABDF}"
EndProject
Global
	GlobalSection(SolutionConfigurationPlatforms) = preSolution
		Debug|Any CPU = Debug|Any CPU
		Release|Any CPU = Release|Any CPU
	EndGlobalSection
	GlobalSection(ProjectConfigurationPlatforms) = postSolution
		{A3D7877A-1AA2-44EF-990B-FB99A1FC53D9}.Debug|Any CPU.ActiveCfg = Debug|Any CPU
		{A3D7877A-1AA2-44EF-990B-FB99A1FC53D9}.Debug|Any CPU.Build.0 = Debug|Any CPU
		{A3D7877A-1AA2-44EF-990B-FB99A1FC53D9}.Release|Any CPU.ActiveCfg = Release|Any CPU
		{A3D7877A-1AA2-44EF-990B-FB99A1FC53D9}.Release|Any CPU.Build.0 = Release|Any CPU
		{8091E243-1849-4848-AEA8-20070CE21A05}.Debug|Any CPU.ActiveCfg = Debug|Any CPU
		{8091E243-1849-4848-AEA8-20070CE21A05}.Debug|Any CPU.Build.0 = Debug|Any CPU
		{8091E243-1849-4848-AEA8-20070CE21A05}.Release|Any CPU.ActiveCfg = Release|Any CPU
		{8091E243-1849-4848-AEA8-20070CE21A05}.Release|Any CPU.Build.0 = Release|Any CPU
		{225DFCEB-8F73-41BB-8A8F-9930431CABDF}.Debug|Any CPU.ActiveCfg = Debug|Any CPU
		{225DFCEB-8F73-41BB-8A8F-9930431CABDF}.Debug|Any CPU.Build.0 = Debug|Any CPU
		{225DFCEB-8F73-41BB-8A8F-9930431CABDF}.Release|Any CPU.ActiveCfg = Release|Any CPU
		{225DFCEB-8F73-41BB-8A8F-9930431CABDF}.Release|Any CPU.Build.0 = Release|Any CPU
	EndGlobalSection
	GlobalSection(SolutionProperties) = preSolution
		HideSolutionNode = FALSE
	EndGlobalSection
	GlobalSection(ExtensibilityGlobals) = postSolution
		SolutionGuid = {0CB5439A-4C08-4670-B1AD-EC2BCABA893E}
	EndGlobalSection
EndGlobal
